{
  "version": 4,
  "terraform_version": "1.11.4",
  "serial": 13,
  "lineage": "daa0e2af-7e87-9207-9e68-fb0b945227cb",
  "outputs": {
    "vm_ips": {
      "value": [
        "192.168.122.51",
        "192.168.122.52",
        "192.168.122.53",
        "192.168.122.54"
      ],
      "type": [
        "tuple",
        [
          "string",
          "string",
          "string",
          "string"
        ]
      ]
    }
  },
  "resources": [
    {
      "mode": "managed",
      "type": "libvirt_cloudinit_disk",
      "name": "cloudinit",
      "provider": "provider[\"registry.terraform.io/dmacvicar/libvirt\"]",
      "instances": [
        {
          "index_key": 0,
          "schema_version": 0,
          "attributes": {
            "id": "/var/lib/libvirt/images/cloudinit-vm-1.iso;6daf2ad9-ff89-49d1-ad3c-826cb31e224b",
            "meta_data": "",
            "name": "cloudinit-vm-1.iso",
            "network_config": "",
            "pool": "default",
            "user_data": "#cloud-config\nhostname: vm-1\nfqdn: vm-1.localdomain\nusers:\n  - name: sysadmin\n    plain_text_passwd: \"cluster\"\n    #ssh-authorized-keys:\n    sudo: ALL=(ALL) NOPASSWD:ALL\n    shell: /bin/bash\n    lock_passwd: false\nssh_pwauth: true\n\npackages:\n  - vim\n  - curl\nruncmd:\n  - [ \"sh\", \"-c\", \"echo 'VM 1 configured' \u003e /root/setup.log\" ]\n"
          },
          "sensitive_attributes": [],
          "private": "bnVsbA=="
        },
        {
          "index_key": 1,
          "schema_version": 0,
          "attributes": {
            "id": "/var/lib/libvirt/images/cloudinit-vm-2.iso;b4f1c6f9-771c-454c-8a37-e4a6c59ff768",
            "meta_data": "",
            "name": "cloudinit-vm-2.iso",
            "network_config": "",
            "pool": "default",
            "user_data": "#cloud-config\nhostname: vm-2\nfqdn: vm-2.localdomain\nusers:\n  - name: sysadmin\n    plain_text_passwd: \"cluster\"\n    #ssh-authorized-keys:\n    sudo: ALL=(ALL) NOPASSWD:ALL\n    shell: /bin/bash\n    lock_passwd: false\nssh_pwauth: true\n\npackages:\n  - vim\n  - curl\nruncmd:\n  - [ \"sh\", \"-c\", \"echo 'VM 2 configured' \u003e /root/setup.log\" ]\n"
          },
          "sensitive_attributes": [],
          "private": "bnVsbA=="
        },
        {
          "index_key": 2,
          "schema_version": 0,
          "attributes": {
            "id": "/var/lib/libvirt/images/cloudinit-vm-3.iso;beeb2e3f-9831-4afa-bf0c-c33253466831",
            "meta_data": "",
            "name": "cloudinit-vm-3.iso",
            "network_config": "",
            "pool": "default",
            "user_data": "#cloud-config\nhostname: vm-3\nfqdn: vm-3.localdomain\nusers:\n  - name: sysadmin\n    plain_text_passwd: \"cluster\"\n    #ssh-authorized-keys:\n    sudo: ALL=(ALL) NOPASSWD:ALL\n    shell: /bin/bash\n    lock_passwd: false\nssh_pwauth: true\n\npackages:\n  - vim\n  - curl\nruncmd:\n  - [ \"sh\", \"-c\", \"echo 'VM 3 configured' \u003e /root/setup.log\" ]\n"
          },
          "sensitive_attributes": [],
          "private": "bnVsbA=="
        },
        {
          "index_key": 3,
          "schema_version": 0,
          "attributes": {
            "id": "/var/lib/libvirt/images/cloudinit-vm-4.iso;18255c19-aee0-4c28-83e4-7b046508ade3",
            "meta_data": "",
            "name": "cloudinit-vm-4.iso",
            "network_config": "",
            "pool": "default",
            "user_data": "#cloud-config\nhostname: vm-4\nfqdn: vm-4.localdomain\nusers:\n  - name: sysadmin\n    plain_text_passwd: \"cluster\"\n    #ssh-authorized-keys:\n    sudo: ALL=(ALL) NOPASSWD:ALL\n    shell: /bin/bash\n    lock_passwd: false\nssh_pwauth: true\n\npackages:\n  - vim\n  - curl\nruncmd:\n  - [ \"sh\", \"-c\", \"echo 'VM 4 configured' \u003e /root/setup.log\" ]\n"
          },
          "sensitive_attributes": [],
          "private": "bnVsbA=="
        },
        {
          "index_key": 4,
          "schema_version": 0,
          "attributes": {
            "id": "/var/lib/libvirt/images/cloudinit-vm-5.iso;5e45d3ba-d62a-4f18-aa43-a51225f3c9a8",
            "meta_data": "",
            "name": "cloudinit-vm-5.iso",
            "network_config": "",
            "pool": "default",
            "user_data": "#cloud-config\nhostname: vm-5\nfqdn: vm-5.localdomain\nusers:\n  - name: sysadmin\n    plain_text_passwd: \"cluster\"\n    #ssh-authorized-keys:\n    sudo: ALL=(ALL) NOPASSWD:ALL\n    shell: /bin/bash\n    lock_passwd: false\nssh_pwauth: true\n\npackages:\n  - vim\n  - curl\nruncmd:\n  - [ \"sh\", \"-c\", \"echo 'VM 5 configured' \u003e /root/setup.log\" ]\n"
          },
          "sensitive_attributes": [],
          "private": "bnVsbA=="
        }
      ]
    },
    {
      "mode": "managed",
      "type": "libvirt_volume",
      "name": "base_image",
      "provider": "provider[\"registry.terraform.io/dmacvicar/libvirt\"]",
      "instances": [
        {
          "schema_version": 0,
          "attributes": {
            "base_volume_id": null,
            "base_volume_name": null,
            "base_volume_pool": null,
            "format": "qcow2",
            "id": "/var/lib/libvirt/images/OracleLinux.qcow2",
            "name": "OracleLinux.qcow2",
            "pool": "default",
            "size": 21474836480,
            "source": "/var/lib/libvirt/images/OracleLinux.qcow2",
            "xml": []
          },
          "sensitive_attributes": [],
          "private": "bnVsbA=="
        }
      ]
    },
    {
      "mode": "managed",
      "type": "libvirt_volume",
      "name": "vm_disk",
      "provider": "provider[\"registry.terraform.io/dmacvicar/libvirt\"]",
      "instances": [
        {
          "index_key": 0,
          "schema_version": 0,
          "attributes": {
            "base_volume_id": "/var/lib/libvirt/images/OracleLinux.qcow2",
            "base_volume_name": null,
            "base_volume_pool": null,
            "format": "qcow2",
            "id": "/var/lib/libvirt/images/ol-vm-1-disk.qcow2",
            "name": "ol-vm-1-disk.qcow2",
            "pool": "default",
            "size": 21478375424,
            "source": null,
            "xml": []
          },
          "sensitive_attributes": [],
          "private": "bnVsbA==",
          "dependencies": [
            "libvirt_volume.base_image"
          ]
        },
        {
          "index_key": 1,
          "schema_version": 0,
          "attributes": {
            "base_volume_id": "/var/lib/libvirt/images/OracleLinux.qcow2",
            "base_volume_name": null,
            "base_volume_pool": null,
            "format": "qcow2",
            "id": "/var/lib/libvirt/images/ol-vm-2-disk.qcow2",
            "name": "ol-vm-2-disk.qcow2",
            "pool": "default",
            "size": 21478375424,
            "source": null,
            "xml": []
          },
          "sensitive_attributes": [],
          "private": "bnVsbA==",
          "dependencies": [
            "libvirt_volume.base_image"
          ]
        },
        {
          "index_key": 2,
          "schema_version": 0,
          "attributes": {
            "base_volume_id": "/var/lib/libvirt/images/OracleLinux.qcow2",
            "base_volume_name": null,
            "base_volume_pool": null,
            "format": "qcow2",
            "id": "/var/lib/libvirt/images/ol-vm-3-disk.qcow2",
            "name": "ol-vm-3-disk.qcow2",
            "pool": "default",
            "size": 21478375424,
            "source": null,
            "xml": []
          },
          "sensitive_attributes": [],
          "private": "bnVsbA==",
          "dependencies": [
            "libvirt_volume.base_image"
          ]
        },
        {
          "index_key": 3,
          "schema_version": 0,
          "attributes": {
            "base_volume_id": "/var/lib/libvirt/images/OracleLinux.qcow2",
            "base_volume_name": null,
            "base_volume_pool": null,
            "format": "qcow2",
            "id": "/var/lib/libvirt/images/ol-vm-4-disk.qcow2",
            "name": "ol-vm-4-disk.qcow2",
            "pool": "default",
            "size": 21478375424,
            "source": null,
            "xml": []
          },
          "sensitive_attributes": [],
          "private": "bnVsbA==",
          "dependencies": [
            "libvirt_volume.base_image"
          ]
        },
        {
          "index_key": 4,
          "schema_version": 0,
          "attributes": {
            "base_volume_id": "/var/lib/libvirt/images/OracleLinux.qcow2",
            "base_volume_name": null,
            "base_volume_pool": null,
            "format": "qcow2",
            "id": "/var/lib/libvirt/images/ol-vm-5-disk.qcow2",
            "name": "ol-vm-5-disk.qcow2",
            "pool": "default",
            "size": 21478375424,
            "source": null,
            "xml": []
          },
          "sensitive_attributes": [],
          "private": "bnVsbA==",
          "dependencies": [
            "libvirt_volume.base_image"
          ]
        }
      ]
    }
  ],
  "check_results": null
}
