{
  "version": 4,
  "terraform_version": "1.11.4",
  "serial": 91,
  "lineage": "76d686fb-a76b-4b18-ea71-e212f5d07b33",
  "outputs": {
    "vm_ips": {
      "value": [
        "192.168.122.11",
        "192.168.122.12",
        "192.168.122.13",
        "192.168.122.14"
      ],
      "type": [
        "tuple",
        [
          "string",
          "string",
          "string",
          "string"
        ]
      ]
    }
  },
  "resources": [
    {
      "mode": "managed",
      "type": "libvirt_cloudinit_disk",
      "name": "cloudinit",
      "provider": "provider[\"registry.terraform.io/dmacvicar/libvirt\"]",
      "instances": [
        {
          "index_key": 0,
          "schema_version": 0,
          "attributes": {
            "id": "/var/lib/libvirt/images/cloudinit-vm-1.iso;c7ea08bc-b4c4-4a33-8800-febbb0b58cea",
            "meta_data": "",
            "name": "cloudinit-vm-1.iso",
            "network_config": "",
            "pool": "default",
            "user_data": "#cloud-config\nhostname: vm-1\nfqdn: vm-1.localdomain\nusers:\n  - name: sysadmin\n    plain_text_passwd: \"cluster\"\n    #ssh-authorized-keys:\n    #  - ssh-rsa YOUR_SSH_PUBLIC_KEY_HERE\n    sudo: ALL=(ALL) NOPASSWD:ALL\n    shell: /bin/bash\n    lock_passwd: false\nssh_pwauth: true\n\npackages:\n  - vim\n  - curl\nruncmd:\n  - [ \"sh\", \"-c\", \"echo 'VM 1 configured' \u003e /root/setup.log\" ]\n"
          },
          "sensitive_attributes": [],
          "private": "bnVsbA=="
        },
        {
          "index_key": 1,
          "schema_version": 0,
          "attributes": {
            "id": "/var/lib/libvirt/images/cloudinit-vm-2.iso;695bb7e1-d449-4bd0-b411-2b552cd2ed3e",
            "meta_data": "",
            "name": "cloudinit-vm-2.iso",
            "network_config": "",
            "pool": "default",
            "user_data": "#cloud-config\nhostname: vm-2\nfqdn: vm-2.localdomain\nusers:\n  - name: sysadmin\n    plain_text_passwd: \"cluster\"\n    #ssh-authorized-keys:\n    #  - ssh-rsa YOUR_SSH_PUBLIC_KEY_HERE\n    sudo: ALL=(ALL) NOPASSWD:ALL\n    shell: /bin/bash\n    lock_passwd: false\nssh_pwauth: true\n\npackages:\n  - vim\n  - curl\nruncmd:\n  - [ \"sh\", \"-c\", \"echo 'VM 2 configured' \u003e /root/setup.log\" ]\n"
          },
          "sensitive_attributes": [],
          "private": "bnVsbA=="
        },
        {
          "index_key": 2,
          "schema_version": 0,
          "attributes": {
            "id": "/var/lib/libvirt/images/cloudinit-vm-3.iso;b0bbc515-8b2c-4cc4-a8d0-e2f79f7e93d5",
            "meta_data": "",
            "name": "cloudinit-vm-3.iso",
            "network_config": "",
            "pool": "default",
            "user_data": "#cloud-config\nhostname: vm-3\nfqdn: vm-3.localdomain\nusers:\n  - name: sysadmin\n    plain_text_passwd: \"cluster\"\n    #ssh-authorized-keys:\n    #  - ssh-rsa YOUR_SSH_PUBLIC_KEY_HERE\n    sudo: ALL=(ALL) NOPASSWD:ALL\n    shell: /bin/bash\n    lock_passwd: false\nssh_pwauth: true\n\npackages:\n  - vim\n  - curl\nruncmd:\n  - [ \"sh\", \"-c\", \"echo 'VM 3 configured' \u003e /root/setup.log\" ]\n"
          },
          "sensitive_attributes": [],
          "private": "bnVsbA=="
        },
        {
          "index_key": 3,
          "schema_version": 0,
          "attributes": {
            "id": "/var/lib/libvirt/images/cloudinit-vm-4.iso;f2e23f97-20fe-4bfb-8877-53be9c2e3083",
            "meta_data": "",
            "name": "cloudinit-vm-4.iso",
            "network_config": "",
            "pool": "default",
            "user_data": "#cloud-config\nhostname: vm-4\nfqdn: vm-4.localdomain\nusers:\n  - name: sysadmin\n    plain_text_passwd: \"cluster\"\n    #ssh-authorized-keys:\n    #  - ssh-rsa YOUR_SSH_PUBLIC_KEY_HERE\n    sudo: ALL=(ALL) NOPASSWD:ALL\n    shell: /bin/bash\n    lock_passwd: false\nssh_pwauth: true\n\npackages:\n  - vim\n  - curl\nruncmd:\n  - [ \"sh\", \"-c\", \"echo 'VM 4 configured' \u003e /root/setup.log\" ]\n"
          },
          "sensitive_attributes": [],
          "private": "bnVsbA=="
        },
        {
          "index_key": 4,
          "schema_version": 0,
          "attributes": {
            "id": "/var/lib/libvirt/images/cloudinit-vm-5.iso;738be59f-11ee-4bb5-bcfe-f10c66a09e1d",
            "meta_data": "",
            "name": "cloudinit-vm-5.iso",
            "network_config": "",
            "pool": "default",
            "user_data": "#cloud-config\nhostname: vm-5\nfqdn: vm-5.localdomain\nusers:\n  - name: sysadmin\n    plain_text_passwd: \"cluster\"\n    #ssh-authorized-keys:\n    #  - ssh-rsa YOUR_SSH_PUBLIC_KEY_HERE\n    sudo: ALL=(ALL) NOPASSWD:ALL\n    shell: /bin/bash\n    lock_passwd: false\nssh_pwauth: true\n\npackages:\n  - vim\n  - curl\nruncmd:\n  - [ \"sh\", \"-c\", \"echo 'VM 5 configured' \u003e /root/setup.log\" ]\n"
          },
          "sensitive_attributes": [],
          "private": "bnVsbA=="
        }
      ]
    },
    {
      "mode": "managed",
      "type": "libvirt_domain",
      "name": "vm",
      "provider": "provider[\"registry.terraform.io/dmacvicar/libvirt\"]",
      "instances": [
        {
          "index_key": 0,
          "schema_version": 0,
          "attributes": {
            "arch": "x86_64",
            "autostart": true,
            "boot_device": [],
            "cloudinit": "/var/lib/libvirt/images/cloudinit-vm-1.iso;c7ea08bc-b4c4-4a33-8800-febbb0b58cea",
            "cmdline": null,
            "console": [
              {
                "source_host": "127.0.0.1",
                "source_path": "",
                "source_service": "0",
                "target_port": "0",
                "target_type": "serial",
                "type": "pty"
              }
            ],
            "coreos_ignition": null,
            "cpu": [
              {
                "mode": "host-passthrough"
              }
            ],
            "description": "",
            "disk": [
              {
                "block_device": "",
                "file": "",
                "scsi": false,
                "url": "",
                "volume_id": "/var/lib/libvirt/images/vm-1-disk.qcow2",
                "wwn": ""
              }
            ],
            "emulator": "/usr/bin/qemu-system-x86_64",
            "filesystem": [],
            "firmware": null,
            "fw_cfg_name": "opt/com.coreos/config",
            "graphics": [
              {
                "autoport": true,
                "listen_address": "127.0.0.1",
                "listen_type": "address",
                "type": "vnc",
                "websocket": 0
              }
            ],
            "id": "78a9db43-cfa4-446c-808a-b38daa4d6ddc",
            "initrd": "",
            "kernel": "",
            "machine": "ubuntu",
            "memory": 2048,
            "metadata": null,
            "name": "vm-1",
            "network_interface": [
              {
                "addresses": [],
                "bridge": "",
                "hostname": "vm-1",
                "mac": "52:54:00:0E:84:2D",
                "macvtap": "",
                "network_id": "e558a332-741d-4cf4-a7e2-157ba38dd17c",
                "network_name": "vm_network",
                "passthrough": "",
                "vepa": "",
                "wait_for_lease": false
              }
            ],
            "nvram": [],
            "qemu_agent": false,
            "running": true,
            "timeouts": null,
            "tpm": [],
            "type": "kvm",
            "vcpu": 2,
            "video": [],
            "xml": []
          },
          "sensitive_attributes": [],
          "private": "eyJlMmJmYjczMC1lY2FhLTExZTYtOGY4OC0zNDM2M2JjN2M0YzAiOnsiY3JlYXRlIjozMDAwMDAwMDAwMDB9fQ==",
          "dependencies": [
            "libvirt_cloudinit_disk.cloudinit",
            "libvirt_network.vm_network",
            "libvirt_volume.base_image",
            "libvirt_volume.vm_disk"
          ]
        },
        {
          "index_key": 1,
          "schema_version": 0,
          "attributes": {
            "arch": "x86_64",
            "autostart": true,
            "boot_device": [],
            "cloudinit": "/var/lib/libvirt/images/cloudinit-vm-2.iso;695bb7e1-d449-4bd0-b411-2b552cd2ed3e",
            "cmdline": null,
            "console": [
              {
                "source_host": "127.0.0.1",
                "source_path": "",
                "source_service": "0",
                "target_port": "0",
                "target_type": "serial",
                "type": "pty"
              }
            ],
            "coreos_ignition": null,
            "cpu": [
              {
                "mode": "host-passthrough"
              }
            ],
            "description": "",
            "disk": [
              {
                "block_device": "",
                "file": "",
                "scsi": false,
                "url": "",
                "volume_id": "/var/lib/libvirt/images/vm-2-disk.qcow2",
                "wwn": ""
              }
            ],
            "emulator": "/usr/bin/qemu-system-x86_64",
            "filesystem": [],
            "firmware": null,
            "fw_cfg_name": "opt/com.coreos/config",
            "graphics": [
              {
                "autoport": true,
                "listen_address": "127.0.0.1",
                "listen_type": "address",
                "type": "vnc",
                "websocket": 0
              }
            ],
            "id": "321f8f15-a674-47d6-8f4b-6b8063e2f152",
            "initrd": "",
            "kernel": "",
            "machine": "ubuntu",
            "memory": 2048,
            "metadata": null,
            "name": "vm-2",
            "network_interface": [
              {
                "addresses": [],
                "bridge": "",
                "hostname": "vm-2",
                "mac": "52:54:00:2A:68:12",
                "macvtap": "",
                "network_id": "e558a332-741d-4cf4-a7e2-157ba38dd17c",
                "network_name": "vm_network",
                "passthrough": "",
                "vepa": "",
                "wait_for_lease": false
              }
            ],
            "nvram": [],
            "qemu_agent": false,
            "running": true,
            "timeouts": null,
            "tpm": [],
            "type": "kvm",
            "vcpu": 2,
            "video": [],
            "xml": []
          },
          "sensitive_attributes": [],
          "private": "eyJlMmJmYjczMC1lY2FhLTExZTYtOGY4OC0zNDM2M2JjN2M0YzAiOnsiY3JlYXRlIjozMDAwMDAwMDAwMDB9fQ==",
          "dependencies": [
            "libvirt_cloudinit_disk.cloudinit",
            "libvirt_network.vm_network",
            "libvirt_volume.base_image",
            "libvirt_volume.vm_disk"
          ]
        },
        {
          "index_key": 2,
          "schema_version": 0,
          "attributes": {
            "arch": "x86_64",
            "autostart": true,
            "boot_device": [],
            "cloudinit": "/var/lib/libvirt/images/cloudinit-vm-3.iso;b0bbc515-8b2c-4cc4-a8d0-e2f79f7e93d5",
            "cmdline": null,
            "console": [
              {
                "source_host": "127.0.0.1",
                "source_path": "",
                "source_service": "0",
                "target_port": "0",
                "target_type": "serial",
                "type": "pty"
              }
            ],
            "coreos_ignition": null,
            "cpu": [
              {
                "mode": "host-passthrough"
              }
            ],
            "description": "",
            "disk": [
              {
                "block_device": "",
                "file": "",
                "scsi": false,
                "url": "",
                "volume_id": "/var/lib/libvirt/images/vm-3-disk.qcow2",
                "wwn": ""
              }
            ],
            "emulator": "/usr/bin/qemu-system-x86_64",
            "filesystem": [],
            "firmware": null,
            "fw_cfg_name": "opt/com.coreos/config",
            "graphics": [
              {
                "autoport": true,
                "listen_address": "127.0.0.1",
                "listen_type": "address",
                "type": "vnc",
                "websocket": 0
              }
            ],
            "id": "0cfe1042-898c-4bac-abdd-3a97df5cf8e3",
            "initrd": "",
            "kernel": "",
            "machine": "ubuntu",
            "memory": 2048,
            "metadata": null,
            "name": "vm-3",
            "network_interface": [
              {
                "addresses": [],
                "bridge": "",
                "hostname": "vm-3",
                "mac": "52:54:00:36:79:F8",
                "macvtap": "",
                "network_id": "e558a332-741d-4cf4-a7e2-157ba38dd17c",
                "network_name": "vm_network",
                "passthrough": "",
                "vepa": "",
                "wait_for_lease": false
              }
            ],
            "nvram": [],
            "qemu_agent": false,
            "running": true,
            "timeouts": null,
            "tpm": [],
            "type": "kvm",
            "vcpu": 2,
            "video": [],
            "xml": []
          },
          "sensitive_attributes": [],
          "private": "eyJlMmJmYjczMC1lY2FhLTExZTYtOGY4OC0zNDM2M2JjN2M0YzAiOnsiY3JlYXRlIjozMDAwMDAwMDAwMDB9fQ==",
          "dependencies": [
            "libvirt_cloudinit_disk.cloudinit",
            "libvirt_network.vm_network",
            "libvirt_volume.base_image",
            "libvirt_volume.vm_disk"
          ]
        },
        {
          "index_key": 3,
          "schema_version": 0,
          "attributes": {
            "arch": "x86_64",
            "autostart": true,
            "boot_device": [],
            "cloudinit": "/var/lib/libvirt/images/cloudinit-vm-4.iso;f2e23f97-20fe-4bfb-8877-53be9c2e3083",
            "cmdline": null,
            "console": [
              {
                "source_host": "127.0.0.1",
                "source_path": "",
                "source_service": "0",
                "target_port": "0",
                "target_type": "serial",
                "type": "pty"
              }
            ],
            "coreos_ignition": null,
            "cpu": [
              {
                "mode": "host-passthrough"
              }
            ],
            "description": "",
            "disk": [
              {
                "block_device": "",
                "file": "",
                "scsi": false,
                "url": "",
                "volume_id": "/var/lib/libvirt/images/vm-4-disk.qcow2",
                "wwn": ""
              }
            ],
            "emulator": "/usr/bin/qemu-system-x86_64",
            "filesystem": [],
            "firmware": null,
            "fw_cfg_name": "opt/com.coreos/config",
            "graphics": [
              {
                "autoport": true,
                "listen_address": "127.0.0.1",
                "listen_type": "address",
                "type": "vnc",
                "websocket": 0
              }
            ],
            "id": "00826c75-ad43-4896-b904-5beda0022710",
            "initrd": "",
            "kernel": "",
            "machine": "ubuntu",
            "memory": 2048,
            "metadata": null,
            "name": "vm-4",
            "network_interface": [
              {
                "addresses": [],
                "bridge": "",
                "hostname": "vm-4",
                "mac": "52:54:00:7A:C2:80",
                "macvtap": "",
                "network_id": "e558a332-741d-4cf4-a7e2-157ba38dd17c",
                "network_name": "vm_network",
                "passthrough": "",
                "vepa": "",
                "wait_for_lease": false
              }
            ],
            "nvram": [],
            "qemu_agent": false,
            "running": true,
            "timeouts": null,
            "tpm": [],
            "type": "kvm",
            "vcpu": 2,
            "video": [],
            "xml": []
          },
          "sensitive_attributes": [],
          "private": "eyJlMmJmYjczMC1lY2FhLTExZTYtOGY4OC0zNDM2M2JjN2M0YzAiOnsiY3JlYXRlIjozMDAwMDAwMDAwMDB9fQ==",
          "dependencies": [
            "libvirt_cloudinit_disk.cloudinit",
            "libvirt_network.vm_network",
            "libvirt_volume.base_image",
            "libvirt_volume.vm_disk"
          ]
        }
      ]
    },
    {
      "mode": "managed",
      "type": "libvirt_network",
      "name": "vm_network",
      "provider": "provider[\"registry.terraform.io/dmacvicar/libvirt\"]",
      "instances": [
        {
          "schema_version": 0,
          "attributes": {
            "addresses": [
              "192.168.122.0/24"
            ],
            "autostart": false,
            "bridge": "virbr0",
            "dhcp": [
              {
                "enabled": true
              }
            ],
            "dns": [
              {
                "enabled": true,
                "forwarders": [],
                "hosts": [],
                "local_only": false,
                "srvs": []
              }
            ],
            "dnsmasq_options": [],
            "domain": "localdomain",
            "id": "e558a332-741d-4cf4-a7e2-157ba38dd17c",
            "mode": "nat",
            "mtu": null,
            "name": "vm_network",
            "routes": [],
            "xml": []
          },
          "sensitive_attributes": [],
          "private": "bnVsbA=="
        }
      ]
    },
    {
      "mode": "managed",
      "type": "libvirt_volume",
      "name": "base_image",
      "provider": "provider[\"registry.terraform.io/dmacvicar/libvirt\"]",
      "instances": [
        {
          "schema_version": 0,
          "attributes": {
            "base_volume_id": null,
            "base_volume_name": null,
            "base_volume_pool": null,
            "format": "qcow2",
            "id": "/var/lib/libvirt/images/rhel9.5-compacted.qcow2",
            "name": "rhel9.5-compacted.qcow2",
            "pool": "default",
            "size": 21474836480,
            "source": "/var/lib/libvirt/images/rhel9.5-compacted.qcow2",
            "xml": []
          },
          "sensitive_attributes": [],
          "private": "bnVsbA=="
        }
      ]
    },
    {
      "mode": "managed",
      "type": "libvirt_volume",
      "name": "vm_disk",
      "provider": "provider[\"registry.terraform.io/dmacvicar/libvirt\"]",
      "instances": [
        {
          "index_key": 0,
          "schema_version": 0,
          "attributes": {
            "base_volume_id": "/var/lib/libvirt/images/rhel9.5-compacted.qcow2",
            "base_volume_name": null,
            "base_volume_pool": null,
            "format": "qcow2",
            "id": "/var/lib/libvirt/images/vm-1-disk.qcow2",
            "name": "vm-1-disk.qcow2",
            "pool": "default",
            "size": 21478375424,
            "source": null,
            "xml": []
          },
          "sensitive_attributes": [],
          "private": "bnVsbA==",
          "dependencies": [
            "libvirt_volume.base_image"
          ]
        },
        {
          "index_key": 1,
          "schema_version": 0,
          "attributes": {
            "base_volume_id": "/var/lib/libvirt/images/rhel9.5-compacted.qcow2",
            "base_volume_name": null,
            "base_volume_pool": null,
            "format": "qcow2",
            "id": "/var/lib/libvirt/images/vm-2-disk.qcow2",
            "name": "vm-2-disk.qcow2",
            "pool": "default",
            "size": 21478375424,
            "source": null,
            "xml": []
          },
          "sensitive_attributes": [],
          "private": "bnVsbA==",
          "dependencies": [
            "libvirt_volume.base_image"
          ]
        },
        {
          "index_key": 2,
          "schema_version": 0,
          "attributes": {
            "base_volume_id": "/var/lib/libvirt/images/rhel9.5-compacted.qcow2",
            "base_volume_name": null,
            "base_volume_pool": null,
            "format": "qcow2",
            "id": "/var/lib/libvirt/images/vm-3-disk.qcow2",
            "name": "vm-3-disk.qcow2",
            "pool": "default",
            "size": 21478375424,
            "source": null,
            "xml": []
          },
          "sensitive_attributes": [],
          "private": "bnVsbA==",
          "dependencies": [
            "libvirt_volume.base_image"
          ]
        },
        {
          "index_key": 3,
          "schema_version": 0,
          "attributes": {
            "base_volume_id": "/var/lib/libvirt/images/rhel9.5-compacted.qcow2",
            "base_volume_name": null,
            "base_volume_pool": null,
            "format": "qcow2",
            "id": "/var/lib/libvirt/images/vm-4-disk.qcow2",
            "name": "vm-4-disk.qcow2",
            "pool": "default",
            "size": 21478375424,
            "source": null,
            "xml": []
          },
          "sensitive_attributes": [],
          "private": "bnVsbA==",
          "dependencies": [
            "libvirt_volume.base_image"
          ]
        },
        {
          "index_key": 4,
          "schema_version": 0,
          "attributes": {
            "base_volume_id": "/var/lib/libvirt/images/rhel9.5-compacted.qcow2",
            "base_volume_name": null,
            "base_volume_pool": null,
            "format": "qcow2",
            "id": "/var/lib/libvirt/images/vm-5-disk.qcow2",
            "name": "vm-5-disk.qcow2",
            "pool": "default",
            "size": 21478375424,
            "source": null,
            "xml": []
          },
          "sensitive_attributes": [],
          "private": "bnVsbA==",
          "dependencies": [
            "libvirt_volume.base_image"
          ]
        }
      ]
    }
  ],
  "check_results": null
}
