{
  "version": 4,
  "terraform_version": "1.11.4",
  "serial": 543,
  "lineage": "4ffab293-f901-7e6e-ccd4-cb42d924de86",
  "outputs": {
    "vm_details": {
      "value": [
        {
          "hostname": "rke-master",
          "ip": "192.168.122.101"
        },
        {
          "hostname": "rke-worker1",
          "ip": "192.168.122.102"
        },
        {
          "hostname": "rke-worker2",
          "ip": "192.168.122.103"
        },
        {
          "hostname": "rke-worker3",
          "ip": "192.168.122.104"
        },
        {
          "hostname": "rke-worker4",
          "ip": "192.168.122.105"
        }
      ],
      "type": [
        "tuple",
        [
          [
            "object",
            {
              "hostname": "string",
              "ip": "string"
            }
          ],
          [
            "object",
            {
              "hostname": "string",
              "ip": "string"
            }
          ],
          [
            "object",
            {
              "hostname": "string",
              "ip": "string"
            }
          ],
          [
            "object",
            {
              "hostname": "string",
              "ip": "string"
            }
          ],
          [
            "object",
            {
              "hostname": "string",
              "ip": "string"
            }
          ]
        ]
      ]
    }
  },
  "resources": [
    {
      "mode": "managed",
      "type": "libvirt_cloudinit_disk",
      "name": "cloudinit",
      "provider": "provider[\"registry.terraform.io/dmacvicar/libvirt\"]",
      "instances": [
        {
          "index_key": 0,
          "schema_version": 0,
          "attributes": {
            "id": "/var/lib/libvirt/images/debian_pool/rke-master-cloudinit.iso;948620f3-2378-42df-9327-73d3d87c5d3d",
            "meta_data": "",
            "name": "rke-master-cloudinit.iso",
            "network_config": "",
            "pool": "debian_pool",
            "user_data": "#cloud-config\nhostname: rke-master\nfqdn: rke-master.local\nmanage_etc_hosts: true\nusers:\n  - name: sysadmin\n    sudo: ALL=(ALL) NOPASSWD:ALL\n    passwd: $y$j9T$8sS.1U8hzHlrkzmHQdO4L/$1bXNaA2JHBvIZQXjgbRkXSnDNFdcZhCjs2/iLbVjpb7\n    lock_passwd: false\n    ssh_authorized_keys:\n      - ssh-rsa AAAAB3NzaC1yc2EAAAADAQABAAACAQCb6YR4KE3QWUPBDNVtWQT+VZLxIYkeiTClHjpVTLX5e7b99mXpj6Nvi8offj4cse8LpyYDCAfK111+OtFn4x2V+brf/tmnV/eBTxsDhvY3CMzvVxYayiB0qvfw8oUu0IaBXhOtHGxy79wTy1GqwihP+iKW/7yvtmplX/FpuwSxhG/KDraPu70FG+B4wX4sS2LXBmT+baBQoVFi2G2sUZUa3iaInd0ar+AHx01qlltv/zkQaK9gFSyck258YL2S1uVbZO/+anXBHreaKhoTR0YeVIJPlBuQWzppeKsbiCOftZpGWYLMZRz5Jw95rRTSc7C88Wp7KCNVa+1o7vniZXEXsqkiuTlqUiUxTdNxzCc2h3TOHRw6O/BvAusoGBs5I79/2jfUTrrRNCsIuH16qXk5dhYm16IAcIwgvHysugsOdDOrlHsWUYRh/yi8EdswExhrYg5+xvt37I5K9Nfsh23O/pH7evyDB3pBKdig7LwUxtwIfxWGXRJIOD7GD+ELOvXLJPnDZ9mhs7TwqThwGkK78WP9QykRcbjN/fVPsxgqPQl7FnTHauNNddyMp5If49he+lf5ZWHdimImIDlgFMjNBoc8QVHovR1ui1ltdX+t7jrq7HMXEmqgeiEVv/QOkL5HYp3453cQk3SvnR006INIQDG3N9Tb3Lu3cTXjD43mJw== \n    shell: /bin/bash\npackage_update: true\npackage_upgrade: true\npackages:\n  - sudo\n  - wget\n  - curl\n  - net-tools\nwrite_files:\n  - path: /etc/netplan/01-netcfg.yaml\n    content: |\n      network:\n        version: 2\n        ethernets:\n          enp1s0:\n            addresses:\n              - 192.168.122.101/24\n            gateway4: 192.168.122.1\n            nameservers:\n              addresses:\n                - 8.8.8.8\n                - 8.8.4.4\nruncmd:\n  - [ netplan, apply ]\n  - [ systemctl, enable, --now, ssh ]\n"
          },
          "sensitive_attributes": [
            [
              {
                "type": "get_attr",
                "value": "user_data"
              }
            ]
          ],
          "private": "bnVsbA==",
          "dependencies": [
            "libvirt_pool.debian_pool"
          ]
        },
        {
          "index_key": 1,
          "schema_version": 0,
          "attributes": {
            "id": "/var/lib/libvirt/images/debian_pool/rke-worker1-cloudinit.iso;82ac3eea-5313-4816-952c-c89d66bd7c35",
            "meta_data": "",
            "name": "rke-worker1-cloudinit.iso",
            "network_config": "",
            "pool": "debian_pool",
            "user_data": "#cloud-config\nhostname: rke-worker1\nfqdn: rke-worker1.local\nmanage_etc_hosts: true\nusers:\n  - name: sysadmin\n    sudo: ALL=(ALL) NOPASSWD:ALL\n    passwd: $y$j9T$8sS.1U8hzHlrkzmHQdO4L/$1bXNaA2JHBvIZQXjgbRkXSnDNFdcZhCjs2/iLbVjpb7\n    lock_passwd: false\n    ssh_authorized_keys:\n      - ssh-rsa AAAAB3NzaC1yc2EAAAADAQABAAACAQCb6YR4KE3QWUPBDNVtWQT+VZLxIYkeiTClHjpVTLX5e7b99mXpj6Nvi8offj4cse8LpyYDCAfK111+OtFn4x2V+brf/tmnV/eBTxsDhvY3CMzvVxYayiB0qvfw8oUu0IaBXhOtHGxy79wTy1GqwihP+iKW/7yvtmplX/FpuwSxhG/KDraPu70FG+B4wX4sS2LXBmT+baBQoVFi2G2sUZUa3iaInd0ar+AHx01qlltv/zkQaK9gFSyck258YL2S1uVbZO/+anXBHreaKhoTR0YeVIJPlBuQWzppeKsbiCOftZpGWYLMZRz5Jw95rRTSc7C88Wp7KCNVa+1o7vniZXEXsqkiuTlqUiUxTdNxzCc2h3TOHRw6O/BvAusoGBs5I79/2jfUTrrRNCsIuH16qXk5dhYm16IAcIwgvHysugsOdDOrlHsWUYRh/yi8EdswExhrYg5+xvt37I5K9Nfsh23O/pH7evyDB3pBKdig7LwUxtwIfxWGXRJIOD7GD+ELOvXLJPnDZ9mhs7TwqThwGkK78WP9QykRcbjN/fVPsxgqPQl7FnTHauNNddyMp5If49he+lf5ZWHdimImIDlgFMjNBoc8QVHovR1ui1ltdX+t7jrq7HMXEmqgeiEVv/QOkL5HYp3453cQk3SvnR006INIQDG3N9Tb3Lu3cTXjD43mJw== \n    shell: /bin/bash\npackage_update: true\npackage_upgrade: true\npackages:\n  - sudo\n  - wget\n  - curl\n  - net-tools\nwrite_files:\n  - path: /etc/netplan/01-netcfg.yaml\n    content: |\n      network:\n        version: 2\n        ethernets:\n          enp1s0:\n            addresses:\n              - 192.168.122.102/24\n            gateway4: 192.168.122.1\n            nameservers:\n              addresses:\n                - 8.8.8.8\n                - 8.8.4.4\nruncmd:\n  - [ netplan, apply ]\n  - [ systemctl, enable, --now, ssh ]\n"
          },
          "sensitive_attributes": [
            [
              {
                "type": "get_attr",
                "value": "user_data"
              }
            ]
          ],
          "private": "bnVsbA==",
          "dependencies": [
            "libvirt_pool.debian_pool"
          ]
        },
        {
          "index_key": 2,
          "schema_version": 0,
          "attributes": {
            "id": "/var/lib/libvirt/images/debian_pool/rke-worker2-cloudinit.iso;55c0c2f8-c60e-4d39-9981-965e16a81f56",
            "meta_data": "",
            "name": "rke-worker2-cloudinit.iso",
            "network_config": "",
            "pool": "debian_pool",
            "user_data": "#cloud-config\nhostname: rke-worker2\nfqdn: rke-worker2.local\nmanage_etc_hosts: true\nusers:\n  - name: sysadmin\n    sudo: ALL=(ALL) NOPASSWD:ALL\n    passwd: $y$j9T$8sS.1U8hzHlrkzmHQdO4L/$1bXNaA2JHBvIZQXjgbRkXSnDNFdcZhCjs2/iLbVjpb7\n    lock_passwd: false\n    ssh_authorized_keys:\n      - ssh-rsa AAAAB3NzaC1yc2EAAAADAQABAAACAQCb6YR4KE3QWUPBDNVtWQT+VZLxIYkeiTClHjpVTLX5e7b99mXpj6Nvi8offj4cse8LpyYDCAfK111+OtFn4x2V+brf/tmnV/eBTxsDhvY3CMzvVxYayiB0qvfw8oUu0IaBXhOtHGxy79wTy1GqwihP+iKW/7yvtmplX/FpuwSxhG/KDraPu70FG+B4wX4sS2LXBmT+baBQoVFi2G2sUZUa3iaInd0ar+AHx01qlltv/zkQaK9gFSyck258YL2S1uVbZO/+anXBHreaKhoTR0YeVIJPlBuQWzppeKsbiCOftZpGWYLMZRz5Jw95rRTSc7C88Wp7KCNVa+1o7vniZXEXsqkiuTlqUiUxTdNxzCc2h3TOHRw6O/BvAusoGBs5I79/2jfUTrrRNCsIuH16qXk5dhYm16IAcIwgvHysugsOdDOrlHsWUYRh/yi8EdswExhrYg5+xvt37I5K9Nfsh23O/pH7evyDB3pBKdig7LwUxtwIfxWGXRJIOD7GD+ELOvXLJPnDZ9mhs7TwqThwGkK78WP9QykRcbjN/fVPsxgqPQl7FnTHauNNddyMp5If49he+lf5ZWHdimImIDlgFMjNBoc8QVHovR1ui1ltdX+t7jrq7HMXEmqgeiEVv/QOkL5HYp3453cQk3SvnR006INIQDG3N9Tb3Lu3cTXjD43mJw== \n    shell: /bin/bash\npackage_update: true\npackage_upgrade: true\npackages:\n  - sudo\n  - wget\n  - curl\n  - net-tools\nwrite_files:\n  - path: /etc/netplan/01-netcfg.yaml\n    content: |\n      network:\n        version: 2\n        ethernets:\n          enp1s0:\n            addresses:\n              - 192.168.122.103/24\n            gateway4: 192.168.122.1\n            nameservers:\n              addresses:\n                - 8.8.8.8\n                - 8.8.4.4\nruncmd:\n  - [ netplan, apply ]\n  - [ systemctl, enable, --now, ssh ]\n"
          },
          "sensitive_attributes": [
            [
              {
                "type": "get_attr",
                "value": "user_data"
              }
            ]
          ],
          "private": "bnVsbA==",
          "dependencies": [
            "libvirt_pool.debian_pool"
          ]
        },
        {
          "index_key": 3,
          "schema_version": 0,
          "attributes": {
            "id": "/var/lib/libvirt/images/debian_pool/rke-worker3-cloudinit.iso;e01b786c-1eff-4700-8d74-2a4ae3140acd",
            "meta_data": "",
            "name": "rke-worker3-cloudinit.iso",
            "network_config": "",
            "pool": "debian_pool",
            "user_data": "#cloud-config\nhostname: rke-worker3\nfqdn: rke-worker3.local\nmanage_etc_hosts: true\nusers:\n  - name: sysadmin\n    sudo: ALL=(ALL) NOPASSWD:ALL\n    passwd: $y$j9T$8sS.1U8hzHlrkzmHQdO4L/$1bXNaA2JHBvIZQXjgbRkXSnDNFdcZhCjs2/iLbVjpb7\n    lock_passwd: false\n    ssh_authorized_keys:\n      - ssh-rsa AAAAB3NzaC1yc2EAAAADAQABAAACAQCb6YR4KE3QWUPBDNVtWQT+VZLxIYkeiTClHjpVTLX5e7b99mXpj6Nvi8offj4cse8LpyYDCAfK111+OtFn4x2V+brf/tmnV/eBTxsDhvY3CMzvVxYayiB0qvfw8oUu0IaBXhOtHGxy79wTy1GqwihP+iKW/7yvtmplX/FpuwSxhG/KDraPu70FG+B4wX4sS2LXBmT+baBQoVFi2G2sUZUa3iaInd0ar+AHx01qlltv/zkQaK9gFSyck258YL2S1uVbZO/+anXBHreaKhoTR0YeVIJPlBuQWzppeKsbiCOftZpGWYLMZRz5Jw95rRTSc7C88Wp7KCNVa+1o7vniZXEXsqkiuTlqUiUxTdNxzCc2h3TOHRw6O/BvAusoGBs5I79/2jfUTrrRNCsIuH16qXk5dhYm16IAcIwgvHysugsOdDOrlHsWUYRh/yi8EdswExhrYg5+xvt37I5K9Nfsh23O/pH7evyDB3pBKdig7LwUxtwIfxWGXRJIOD7GD+ELOvXLJPnDZ9mhs7TwqThwGkK78WP9QykRcbjN/fVPsxgqPQl7FnTHauNNddyMp5If49he+lf5ZWHdimImIDlgFMjNBoc8QVHovR1ui1ltdX+t7jrq7HMXEmqgeiEVv/QOkL5HYp3453cQk3SvnR006INIQDG3N9Tb3Lu3cTXjD43mJw== \n    shell: /bin/bash\npackage_update: true\npackage_upgrade: true\npackages:\n  - sudo\n  - wget\n  - curl\n  - net-tools\nwrite_files:\n  - path: /etc/netplan/01-netcfg.yaml\n    content: |\n      network:\n        version: 2\n        ethernets:\n          enp1s0:\n            addresses:\n              - 192.168.122.104/24\n            gateway4: 192.168.122.1\n            nameservers:\n              addresses:\n                - 8.8.8.8\n                - 8.8.4.4\nruncmd:\n  - [ netplan, apply ]\n  - [ systemctl, enable, --now, ssh ]\n"
          },
          "sensitive_attributes": [
            [
              {
                "type": "get_attr",
                "value": "user_data"
              }
            ]
          ],
          "private": "bnVsbA==",
          "dependencies": [
            "libvirt_pool.debian_pool"
          ]
        },
        {
          "index_key": 4,
          "schema_version": 0,
          "attributes": {
            "id": "/var/lib/libvirt/images/debian_pool/rke-worker4-cloudinit.iso;fff42701-71e6-437b-932a-6850154a7d99",
            "meta_data": "",
            "name": "rke-worker4-cloudinit.iso",
            "network_config": "",
            "pool": "debian_pool",
            "user_data": "#cloud-config\nhostname: rke-worker4\nfqdn: rke-worker4.local\nmanage_etc_hosts: true\nusers:\n  - name: sysadmin\n    sudo: ALL=(ALL) NOPASSWD:ALL\n    passwd: $y$j9T$8sS.1U8hzHlrkzmHQdO4L/$1bXNaA2JHBvIZQXjgbRkXSnDNFdcZhCjs2/iLbVjpb7\n    lock_passwd: false\n    ssh_authorized_keys:\n      - ssh-rsa AAAAB3NzaC1yc2EAAAADAQABAAACAQCb6YR4KE3QWUPBDNVtWQT+VZLxIYkeiTClHjpVTLX5e7b99mXpj6Nvi8offj4cse8LpyYDCAfK111+OtFn4x2V+brf/tmnV/eBTxsDhvY3CMzvVxYayiB0qvfw8oUu0IaBXhOtHGxy79wTy1GqwihP+iKW/7yvtmplX/FpuwSxhG/KDraPu70FG+B4wX4sS2LXBmT+baBQoVFi2G2sUZUa3iaInd0ar+AHx01qlltv/zkQaK9gFSyck258YL2S1uVbZO/+anXBHreaKhoTR0YeVIJPlBuQWzppeKsbiCOftZpGWYLMZRz5Jw95rRTSc7C88Wp7KCNVa+1o7vniZXEXsqkiuTlqUiUxTdNxzCc2h3TOHRw6O/BvAusoGBs5I79/2jfUTrrRNCsIuH16qXk5dhYm16IAcIwgvHysugsOdDOrlHsWUYRh/yi8EdswExhrYg5+xvt37I5K9Nfsh23O/pH7evyDB3pBKdig7LwUxtwIfxWGXRJIOD7GD+ELOvXLJPnDZ9mhs7TwqThwGkK78WP9QykRcbjN/fVPsxgqPQl7FnTHauNNddyMp5If49he+lf5ZWHdimImIDlgFMjNBoc8QVHovR1ui1ltdX+t7jrq7HMXEmqgeiEVv/QOkL5HYp3453cQk3SvnR006INIQDG3N9Tb3Lu3cTXjD43mJw== \n    shell: /bin/bash\npackage_update: true\npackage_upgrade: true\npackages:\n  - sudo\n  - wget\n  - curl\n  - net-tools\nwrite_files:\n  - path: /etc/netplan/01-netcfg.yaml\n    content: |\n      network:\n        version: 2\n        ethernets:\n          enp1s0:\n            addresses:\n              - 192.168.122.105/24\n            gateway4: 192.168.122.1\n            nameservers:\n              addresses:\n                - 8.8.8.8\n                - 8.8.4.4\nruncmd:\n  - [ netplan, apply ]\n  - [ systemctl, enable, --now, ssh ]\n"
          },
          "sensitive_attributes": [
            [
              {
                "type": "get_attr",
                "value": "user_data"
              }
            ]
          ],
          "private": "bnVsbA==",
          "dependencies": [
            "libvirt_pool.debian_pool"
          ]
        }
      ]
    },
    {
      "mode": "managed",
      "type": "libvirt_domain",
      "name": "debian_vm",
      "provider": "provider[\"registry.terraform.io/dmacvicar/libvirt\"]",
      "instances": [
        {
          "index_key": 0,
          "schema_version": 0,
          "attributes": {
            "arch": "x86_64",
            "autostart": true,
            "boot_device": [],
            "cloudinit": "/var/lib/libvirt/images/debian_pool/rke-master-cloudinit.iso;948620f3-2378-42df-9327-73d3d87c5d3d",
            "cmdline": null,
            "console": [
              {
                "source_host": "127.0.0.1",
                "source_path": "",
                "source_service": "0",
                "target_port": "0",
                "target_type": "serial",
                "type": "pty"
              }
            ],
            "coreos_ignition": null,
            "cpu": [
              {
                "mode": "custom"
              }
            ],
            "description": "",
            "disk": [
              {
                "block_device": "",
                "file": "",
                "scsi": false,
                "url": "",
                "volume_id": "/var/lib/libvirt/images/debian_pool/rke-master-disk.qcow2",
                "wwn": ""
              }
            ],
            "emulator": "/usr/bin/qemu-system-x86_64",
            "filesystem": [],
            "firmware": null,
            "fw_cfg_name": "opt/com.coreos/config",
            "graphics": [
              {
                "autoport": true,
                "listen_address": "127.0.0.1",
                "listen_type": "address",
                "type": "vnc",
                "websocket": 0
              }
            ],
            "id": "84af1272-e264-4d63-b7ea-253fa0905b0c",
            "initrd": "",
            "kernel": "",
            "machine": "ubuntu",
            "memory": 2048,
            "metadata": null,
            "name": "rke-master",
            "network_interface": [
              {
                "addresses": [
                  "192.168.122.101"
                ],
                "bridge": "",
                "hostname": "rke-master",
                "mac": "52:54:00:00:00:01",
                "macvtap": "",
                "network_id": "ef65d1a7-016e-492c-b819-4c1583088a53",
                "network_name": "default",
                "passthrough": "",
                "vepa": "",
                "wait_for_lease": true
              }
            ],
            "nvram": [],
            "qemu_agent": false,
            "running": true,
            "timeouts": null,
            "tpm": [],
            "type": "kvm",
            "vcpu": 2,
            "video": [],
            "xml": []
          },
          "sensitive_attributes": [],
          "private": "eyJlMmJmYjczMC1lY2FhLTExZTYtOGY4OC0zNDM2M2JjN2M0YzAiOnsiY3JlYXRlIjozMDAwMDAwMDAwMDB9fQ==",
          "dependencies": [
            "libvirt_cloudinit_disk.cloudinit",
            "libvirt_pool.debian_pool",
            "libvirt_volume.debian_base",
            "libvirt_volume.debian_disk"
          ]
        },
        {
          "index_key": 1,
          "schema_version": 0,
          "attributes": {
            "arch": "x86_64",
            "autostart": true,
            "boot_device": [],
            "cloudinit": "/var/lib/libvirt/images/debian_pool/rke-worker1-cloudinit.iso;82ac3eea-5313-4816-952c-c89d66bd7c35",
            "cmdline": null,
            "console": [
              {
                "source_host": "127.0.0.1",
                "source_path": "",
                "source_service": "0",
                "target_port": "0",
                "target_type": "serial",
                "type": "pty"
              }
            ],
            "coreos_ignition": null,
            "cpu": [
              {
                "mode": "custom"
              }
            ],
            "description": "",
            "disk": [
              {
                "block_device": "",
                "file": "",
                "scsi": false,
                "url": "",
                "volume_id": "/var/lib/libvirt/images/debian_pool/rke-worker1-disk.qcow2",
                "wwn": ""
              }
            ],
            "emulator": "/usr/bin/qemu-system-x86_64",
            "filesystem": [],
            "firmware": null,
            "fw_cfg_name": "opt/com.coreos/config",
            "graphics": [
              {
                "autoport": true,
                "listen_address": "127.0.0.1",
                "listen_type": "address",
                "type": "vnc",
                "websocket": 0
              }
            ],
            "id": "1f534ac8-bb1a-485b-81b5-67bac8511814",
            "initrd": "",
            "kernel": "",
            "machine": "ubuntu",
            "memory": 2048,
            "metadata": null,
            "name": "rke-worker1",
            "network_interface": [
              {
                "addresses": [
                  "192.168.122.102"
                ],
                "bridge": "",
                "hostname": "rke-worker1",
                "mac": "52:54:00:00:00:02",
                "macvtap": "",
                "network_id": "ef65d1a7-016e-492c-b819-4c1583088a53",
                "network_name": "default",
                "passthrough": "",
                "vepa": "",
                "wait_for_lease": true
              }
            ],
            "nvram": [],
            "qemu_agent": false,
            "running": true,
            "timeouts": null,
            "tpm": [],
            "type": "kvm",
            "vcpu": 2,
            "video": [],
            "xml": []
          },
          "sensitive_attributes": [],
          "private": "eyJlMmJmYjczMC1lY2FhLTExZTYtOGY4OC0zNDM2M2JjN2M0YzAiOnsiY3JlYXRlIjozMDAwMDAwMDAwMDB9fQ==",
          "dependencies": [
            "libvirt_cloudinit_disk.cloudinit",
            "libvirt_pool.debian_pool",
            "libvirt_volume.debian_base",
            "libvirt_volume.debian_disk"
          ]
        },
        {
          "index_key": 2,
          "schema_version": 0,
          "attributes": {
            "arch": "x86_64",
            "autostart": true,
            "boot_device": [],
            "cloudinit": "/var/lib/libvirt/images/debian_pool/rke-worker2-cloudinit.iso;55c0c2f8-c60e-4d39-9981-965e16a81f56",
            "cmdline": null,
            "console": [
              {
                "source_host": "127.0.0.1",
                "source_path": "",
                "source_service": "0",
                "target_port": "0",
                "target_type": "serial",
                "type": "pty"
              }
            ],
            "coreos_ignition": null,
            "cpu": [
              {
                "mode": "custom"
              }
            ],
            "description": "",
            "disk": [
              {
                "block_device": "",
                "file": "",
                "scsi": false,
                "url": "",
                "volume_id": "/var/lib/libvirt/images/debian_pool/rke-worker2-disk.qcow2",
                "wwn": ""
              }
            ],
            "emulator": "/usr/bin/qemu-system-x86_64",
            "filesystem": [],
            "firmware": null,
            "fw_cfg_name": "opt/com.coreos/config",
            "graphics": [
              {
                "autoport": true,
                "listen_address": "127.0.0.1",
                "listen_type": "address",
                "type": "vnc",
                "websocket": 0
              }
            ],
            "id": "298f6199-1ffe-4c45-9491-b1d48b3f1e3c",
            "initrd": "",
            "kernel": "",
            "machine": "ubuntu",
            "memory": 2048,
            "metadata": null,
            "name": "rke-worker2",
            "network_interface": [
              {
                "addresses": [
                  "192.168.122.103"
                ],
                "bridge": "",
                "hostname": "rke-worker2",
                "mac": "52:54:00:00:00:03",
                "macvtap": "",
                "network_id": "ef65d1a7-016e-492c-b819-4c1583088a53",
                "network_name": "default",
                "passthrough": "",
                "vepa": "",
                "wait_for_lease": true
              }
            ],
            "nvram": [],
            "qemu_agent": false,
            "running": true,
            "timeouts": null,
            "tpm": [],
            "type": "kvm",
            "vcpu": 2,
            "video": [],
            "xml": []
          },
          "sensitive_attributes": [],
          "private": "eyJlMmJmYjczMC1lY2FhLTExZTYtOGY4OC0zNDM2M2JjN2M0YzAiOnsiY3JlYXRlIjozMDAwMDAwMDAwMDB9fQ==",
          "dependencies": [
            "libvirt_cloudinit_disk.cloudinit",
            "libvirt_pool.debian_pool",
            "libvirt_volume.debian_base",
            "libvirt_volume.debian_disk"
          ]
        },
        {
          "index_key": 3,
          "schema_version": 0,
          "attributes": {
            "arch": "x86_64",
            "autostart": true,
            "boot_device": [],
            "cloudinit": "/var/lib/libvirt/images/debian_pool/rke-worker3-cloudinit.iso;e01b786c-1eff-4700-8d74-2a4ae3140acd",
            "cmdline": null,
            "console": [
              {
                "source_host": "127.0.0.1",
                "source_path": "",
                "source_service": "0",
                "target_port": "0",
                "target_type": "serial",
                "type": "pty"
              }
            ],
            "coreos_ignition": null,
            "cpu": [
              {
                "mode": "custom"
              }
            ],
            "description": "",
            "disk": [
              {
                "block_device": "",
                "file": "",
                "scsi": false,
                "url": "",
                "volume_id": "/var/lib/libvirt/images/debian_pool/rke-worker3-disk.qcow2",
                "wwn": ""
              }
            ],
            "emulator": "/usr/bin/qemu-system-x86_64",
            "filesystem": [],
            "firmware": null,
            "fw_cfg_name": "opt/com.coreos/config",
            "graphics": [
              {
                "autoport": true,
                "listen_address": "127.0.0.1",
                "listen_type": "address",
                "type": "vnc",
                "websocket": 0
              }
            ],
            "id": "fef5f488-4106-4489-8d91-d4517246f274",
            "initrd": "",
            "kernel": "",
            "machine": "ubuntu",
            "memory": 2048,
            "metadata": null,
            "name": "rke-worker3",
            "network_interface": [
              {
                "addresses": [
                  "192.168.122.104"
                ],
                "bridge": "",
                "hostname": "rke-worker3",
                "mac": "52:54:00:00:00:04",
                "macvtap": "",
                "network_id": "ef65d1a7-016e-492c-b819-4c1583088a53",
                "network_name": "default",
                "passthrough": "",
                "vepa": "",
                "wait_for_lease": true
              }
            ],
            "nvram": [],
            "qemu_agent": false,
            "running": true,
            "timeouts": null,
            "tpm": [],
            "type": "kvm",
            "vcpu": 2,
            "video": [],
            "xml": []
          },
          "sensitive_attributes": [],
          "private": "eyJlMmJmYjczMC1lY2FhLTExZTYtOGY4OC0zNDM2M2JjN2M0YzAiOnsiY3JlYXRlIjozMDAwMDAwMDAwMDB9fQ==",
          "dependencies": [
            "libvirt_cloudinit_disk.cloudinit",
            "libvirt_pool.debian_pool",
            "libvirt_volume.debian_base",
            "libvirt_volume.debian_disk"
          ]
        },
        {
          "index_key": 4,
          "schema_version": 0,
          "attributes": {
            "arch": "x86_64",
            "autostart": true,
            "boot_device": [],
            "cloudinit": "/var/lib/libvirt/images/debian_pool/rke-worker4-cloudinit.iso;fff42701-71e6-437b-932a-6850154a7d99",
            "cmdline": null,
            "console": [
              {
                "source_host": "127.0.0.1",
                "source_path": "",
                "source_service": "0",
                "target_port": "0",
                "target_type": "serial",
                "type": "pty"
              }
            ],
            "coreos_ignition": null,
            "cpu": [
              {
                "mode": "custom"
              }
            ],
            "description": "",
            "disk": [
              {
                "block_device": "",
                "file": "",
                "scsi": false,
                "url": "",
                "volume_id": "/var/lib/libvirt/images/debian_pool/rke-worker4-disk.qcow2",
                "wwn": ""
              }
            ],
            "emulator": "/usr/bin/qemu-system-x86_64",
            "filesystem": [],
            "firmware": null,
            "fw_cfg_name": "opt/com.coreos/config",
            "graphics": [
              {
                "autoport": true,
                "listen_address": "127.0.0.1",
                "listen_type": "address",
                "type": "vnc",
                "websocket": 0
              }
            ],
            "id": "eab2de2f-e9ee-4208-bbf2-d5844fd51b81",
            "initrd": "",
            "kernel": "",
            "machine": "ubuntu",
            "memory": 2048,
            "metadata": null,
            "name": "rke-worker4",
            "network_interface": [
              {
                "addresses": [
                  "192.168.122.105"
                ],
                "bridge": "",
                "hostname": "rke-worker4",
                "mac": "52:54:00:00:00:05",
                "macvtap": "",
                "network_id": "ef65d1a7-016e-492c-b819-4c1583088a53",
                "network_name": "default",
                "passthrough": "",
                "vepa": "",
                "wait_for_lease": true
              }
            ],
            "nvram": [],
            "qemu_agent": false,
            "running": true,
            "timeouts": null,
            "tpm": [],
            "type": "kvm",
            "vcpu": 2,
            "video": [],
            "xml": []
          },
          "sensitive_attributes": [],
          "private": "eyJlMmJmYjczMC1lY2FhLTExZTYtOGY4OC0zNDM2M2JjN2M0YzAiOnsiY3JlYXRlIjozMDAwMDAwMDAwMDB9fQ==",
          "dependencies": [
            "libvirt_cloudinit_disk.cloudinit",
            "libvirt_pool.debian_pool",
            "libvirt_volume.debian_base",
            "libvirt_volume.debian_disk"
          ]
        }
      ]
    },
    {
      "mode": "managed",
      "type": "libvirt_pool",
      "name": "debian_pool",
      "provider": "provider[\"registry.terraform.io/dmacvicar/libvirt\"]",
      "instances": [
        {
          "schema_version": 0,
          "attributes": {
            "allocation": 73434468352,
            "available": 165484298240,
            "capacity": 238918766592,
            "id": "520f8184-fd26-42e9-83bc-471006306fa3",
            "name": "debian_pool",
            "path": "/var/lib/libvirt/images/debian_pool",
            "type": "dir",
            "xml": []
          },
          "sensitive_attributes": [],
          "private": "bnVsbA=="
        }
      ]
    },
    {
      "mode": "managed",
      "type": "libvirt_volume",
      "name": "debian_base",
      "provider": "provider[\"registry.terraform.io/dmacvicar/libvirt\"]",
      "instances": [
        {
          "schema_version": 0,
          "attributes": {
            "base_volume_id": null,
            "base_volume_name": null,
            "base_volume_pool": null,
            "format": "qcow2",
            "id": "/var/lib/libvirt/images/debian_pool/debian-12-base.qcow2",
            "name": "debian-12-base.qcow2",
            "pool": "debian_pool",
            "size": 3221225472,
            "source": "/opt/ISO/debian-12-generic-amd64.qcow2",
            "xml": []
          },
          "sensitive_attributes": [],
          "private": "bnVsbA==",
          "dependencies": [
            "libvirt_pool.debian_pool"
          ]
        }
      ]
    },
    {
      "mode": "managed",
      "type": "libvirt_volume",
      "name": "debian_disk",
      "provider": "provider[\"registry.terraform.io/dmacvicar/libvirt\"]",
      "instances": [
        {
          "index_key": 0,
          "schema_version": 0,
          "attributes": {
            "base_volume_id": "/var/lib/libvirt/images/debian_pool/debian-12-base.qcow2",
            "base_volume_name": null,
            "base_volume_pool": null,
            "format": "qcow2",
            "id": "/var/lib/libvirt/images/debian_pool/rke-master-disk.qcow2",
            "name": "rke-master-disk.qcow2",
            "pool": "debian_pool",
            "size": 32212254720,
            "source": null,
            "xml": []
          },
          "sensitive_attributes": [],
          "private": "bnVsbA==",
          "dependencies": [
            "libvirt_pool.debian_pool",
            "libvirt_volume.debian_base"
          ]
        },
        {
          "index_key": 1,
          "schema_version": 0,
          "attributes": {
            "base_volume_id": "/var/lib/libvirt/images/debian_pool/debian-12-base.qcow2",
            "base_volume_name": null,
            "base_volume_pool": null,
            "format": "qcow2",
            "id": "/var/lib/libvirt/images/debian_pool/rke-worker1-disk.qcow2",
            "name": "rke-worker1-disk.qcow2",
            "pool": "debian_pool",
            "size": 32212254720,
            "source": null,
            "xml": []
          },
          "sensitive_attributes": [],
          "private": "bnVsbA==",
          "dependencies": [
            "libvirt_pool.debian_pool",
            "libvirt_volume.debian_base"
          ]
        },
        {
          "index_key": 2,
          "schema_version": 0,
          "attributes": {
            "base_volume_id": "/var/lib/libvirt/images/debian_pool/debian-12-base.qcow2",
            "base_volume_name": null,
            "base_volume_pool": null,
            "format": "qcow2",
            "id": "/var/lib/libvirt/images/debian_pool/rke-worker2-disk.qcow2",
            "name": "rke-worker2-disk.qcow2",
            "pool": "debian_pool",
            "size": 32212254720,
            "source": null,
            "xml": []
          },
          "sensitive_attributes": [],
          "private": "bnVsbA==",
          "dependencies": [
            "libvirt_pool.debian_pool",
            "libvirt_volume.debian_base"
          ]
        },
        {
          "index_key": 3,
          "schema_version": 0,
          "attributes": {
            "base_volume_id": "/var/lib/libvirt/images/debian_pool/debian-12-base.qcow2",
            "base_volume_name": null,
            "base_volume_pool": null,
            "format": "qcow2",
            "id": "/var/lib/libvirt/images/debian_pool/rke-worker3-disk.qcow2",
            "name": "rke-worker3-disk.qcow2",
            "pool": "debian_pool",
            "size": 32212254720,
            "source": null,
            "xml": []
          },
          "sensitive_attributes": [],
          "private": "bnVsbA==",
          "dependencies": [
            "libvirt_pool.debian_pool",
            "libvirt_volume.debian_base"
          ]
        },
        {
          "index_key": 4,
          "schema_version": 0,
          "attributes": {
            "base_volume_id": "/var/lib/libvirt/images/debian_pool/debian-12-base.qcow2",
            "base_volume_name": null,
            "base_volume_pool": null,
            "format": "qcow2",
            "id": "/var/lib/libvirt/images/debian_pool/rke-worker4-disk.qcow2",
            "name": "rke-worker4-disk.qcow2",
            "pool": "debian_pool",
            "size": 32212254720,
            "source": null,
            "xml": []
          },
          "sensitive_attributes": [],
          "private": "bnVsbA==",
          "dependencies": [
            "libvirt_pool.debian_pool",
            "libvirt_volume.debian_base"
          ]
        }
      ]
    }
  ],
  "check_results": null
}
